
Microsoft Visual Studio Solution File, Format Version 12.00
# Visual Studio Version 16
VisualStudioVersion = 16.0.29324.140
MinimumVisualStudioVersion = 10.0.40219.1
Project("{FAE04EC0-301F-11D3-BF4B-00C04F79EFBC}") = "Animals", "Animals\Animals.csproj", "{1EA4A309-D85A-47A4-8E71-82BADE018AD5}"
EndProject
Project("{FAE04EC0-301F-11D3-BF4B-00C04F79EFBC}") = "AccessibilityExample", "AccessibilityExample\AccessibilityExample.csproj", "{ACDFC630-AE69-4AE7-B527-CA49184A0355}"
EndProject
Global
	GlobalSection(SolutionConfigurationPlatforms) = preSolution
		Debug|Any CPU = Debug|Any CPU
		Release|Any CPU = Release|Any CPU
	EndGlobalSection
	GlobalSection(ProjectConfigurationPlatforms) = postSolution
		{1EA4A309-D85A-47A4-8E71-82BADE018AD5}.Debug|Any CPU.ActiveCfg = Debug|Any CPU
		{1EA4A309-D85A-47A4-8E71-82BADE018AD5}.Debug|Any CPU.Build.0 = Debug|Any CPU
		{1EA4A309-D85A-47A4-8E71-82BADE018AD5}.Release|Any CPU.ActiveCfg = Release|Any CPU
		{1EA4A309-D85A-47A4-8E71-82BADE018AD5}.Release|Any CPU.Build.0 = Release|Any CPU
		{ACDFC630-AE69-4AE7-B527-CA49184A0355}.Debug|Any CPU.ActiveCfg = Debug|Any CPU
		{ACDFC630-AE69-4AE7-B527-CA49184A0355}.Debug|Any CPU.Build.0 = Debug|Any CPU
		{ACDFC630-AE69-4AE7-B527-CA49184A0355}.Release|Any CPU.ActiveCfg = Release|Any CPU
		{ACDFC630-AE69-4AE7-B527-CA49184A0355}.Release|Any CPU.Build.0 = Release|Any CPU
	EndGlobalSection
	GlobalSection(SolutionProperties) = preSolution
		HideSolutionNode = FALSE
	EndGlobalSection
	GlobalSection(ExtensibilityGlobals) = postSolution
		SolutionGuid = {DE1A611C-F81B-4FAC-AF75-D5F73C3724F0}
	EndGlobalSection
EndGlobal
